
Microsoft Visual Studio Solution File, Format Version 12.00
# Visual Studio 15
VisualStudioVersion = 15.0.27428.2043
MinimumVisualStudioVersion = 10.0.40219.1
Project("{FAE04EC0-301F-11D3-BF4B-00C04F79EFBC}") = "WebCommerce", "WebCommerce\WebCommerce.csproj", "{25F4982A-1B61-4ED0-A280-07E5A7EFD1BB}"
EndProject
Global
	GlobalSection(SolutionConfigurationPlatforms) = preSolution
		Debug|Any CPU = Debug|Any CPU
		Release|Any CPU = Release|Any CPU
	EndGlobalSection
	GlobalSection(ProjectConfigurationPlatforms) = postSolution
		{25F4982A-1B61-4ED0-A280-07E5A7EFD1BB}.Debug|Any CPU.ActiveCfg = Debug|Any CPU
		{25F4982A-1B61-4ED0-A280-07E5A7EFD1BB}.Debug|Any CPU.Build.0 = Debug|Any CPU
		{25F4982A-1B61-4ED0-A280-07E5A7EFD1BB}.Release|Any CPU.ActiveCfg = Release|Any CPU
		{25F4982A-1B61-4ED0-A280-07E5A7EFD1BB}.Release|Any CPU.Build.0 = Release|Any CPU
	EndGlobalSection
	GlobalSection(SolutionProperties) = preSolution
		HideSolutionNode = FALSE
	EndGlobalSection
	GlobalSection(ExtensibilityGlobals) = postSolution
		SolutionGuid = {0352B679-25B9-4EEF-8D67-495D775D1340}
	EndGlobalSection
EndGlobal
